
Microsoft Visual Studio Solution File, Format Version 12.00
# Visual Studio Version 17
VisualStudioVersion = 17.8.34511.84
MinimumVisualStudioVersion = 10.0.40219.1
Project("{9A19103F-16F7-4668-BE54-9A1E7A4F7556}") = "Api", "Api\Api.csproj", "{F53F9048-7A46-4802-AE45-6FEF3F831412}"
EndProject
Project("{9A19103F-16F7-4668-BE54-9A1E7A4F7556}") = "Domain", "Domain\Domain.csproj", "{E7265CF3-94D2-4DAA-B2B3-84DDA7B6813C}"
EndProject
Project("{9A19103F-16F7-4668-BE54-9A1E7A4F7556}") = "Infrastructure", "Infrastructure\Infrastructure.csproj", "{F3CA59C7-7796-441C-A7AC-1DE67274FB3F}"
EndProject
Project("{9A19103F-16F7-4668-BE54-9A1E7A4F7556}") = "ApiTests", "ApiTests\ApiTests.csproj", "{74306C3B-D728-40A2-8CCE-62ED03B18F80}"
EndProject
Project("{2150E333-8FDC-42A3-9474-1A3956D46DE8}") = "main", "main", "{68EF8022-D55C-45C2-9586-913C290960BB}"
EndProject
Project("{2150E333-8FDC-42A3-9474-1A3956D46DE8}") = "tests", "tests", "{77F18D6B-4B9C-45C4-A8C8-EAAA5307A10B}"
EndProject
Project("{FAE04EC0-301F-11D3-BF4B-00C04F79EFBC}") = "InfrastructureTests", "InfrastructureTests\InfrastructureTests.csproj", "{495B64E9-91D0-41F7-8CB7-88A939819771}"
EndProject
Global
	GlobalSection(SolutionConfigurationPlatforms) = preSolution
		Debug|Any CPU = Debug|Any CPU
		Release|Any CPU = Release|Any CPU
	EndGlobalSection
	GlobalSection(ProjectConfigurationPlatforms) = postSolution
		{F53F9048-7A46-4802-AE45-6FEF3F831412}.Debug|Any CPU.ActiveCfg = Debug|Any CPU
		{F53F9048-7A46-4802-AE45-6FEF3F831412}.Debug|Any CPU.Build.0 = Debug|Any CPU
		{F53F9048-7A46-4802-AE45-6FEF3F831412}.Release|Any CPU.ActiveCfg = Release|Any CPU
		{F53F9048-7A46-4802-AE45-6FEF3F831412}.Release|Any CPU.Build.0 = Release|Any CPU
		{E7265CF3-94D2-4DAA-B2B3-84DDA7B6813C}.Debug|Any CPU.ActiveCfg = Debug|Any CPU
		{E7265CF3-94D2-4DAA-B2B3-84DDA7B6813C}.Debug|Any CPU.Build.0 = Debug|Any CPU
		{E7265CF3-94D2-4DAA-B2B3-84DDA7B6813C}.Release|Any CPU.ActiveCfg = Release|Any CPU
		{E7265CF3-94D2-4DAA-B2B3-84DDA7B6813C}.Release|Any CPU.Build.0 = Release|Any CPU
		{F3CA59C7-7796-441C-A7AC-1DE67274FB3F}.Debug|Any CPU.ActiveCfg = Debug|Any CPU
		{F3CA59C7-7796-441C-A7AC-1DE67274FB3F}.Debug|Any CPU.Build.0 = Debug|Any CPU
		{F3CA59C7-7796-441C-A7AC-1DE67274FB3F}.Release|Any CPU.ActiveCfg = Release|Any CPU
		{F3CA59C7-7796-441C-A7AC-1DE67274FB3F}.Release|Any CPU.Build.0 = Release|Any CPU
		{74306C3B-D728-40A2-8CCE-62ED03B18F80}.Debug|Any CPU.ActiveCfg = Debug|Any CPU
		{74306C3B-D728-40A2-8CCE-62ED03B18F80}.Debug|Any CPU.Build.0 = Debug|Any CPU
		{74306C3B-D728-40A2-8CCE-62ED03B18F80}.Release|Any CPU.ActiveCfg = Release|Any CPU
		{74306C3B-D728-40A2-8CCE-62ED03B18F80}.Release|Any CPU.Build.0 = Release|Any CPU
		{495B64E9-91D0-41F7-8CB7-88A939819771}.Debug|Any CPU.ActiveCfg = Debug|Any CPU
		{495B64E9-91D0-41F7-8CB7-88A939819771}.Debug|Any CPU.Build.0 = Debug|Any CPU
		{495B64E9-91D0-41F7-8CB7-88A939819771}.Release|Any CPU.ActiveCfg = Release|Any CPU
		{495B64E9-91D0-41F7-8CB7-88A939819771}.Release|Any CPU.Build.0 = Release|Any CPU
	EndGlobalSection
	GlobalSection(SolutionProperties) = preSolution
		HideSolutionNode = FALSE
	EndGlobalSection
	GlobalSection(NestedProjects) = preSolution
		{F53F9048-7A46-4802-AE45-6FEF3F831412} = {68EF8022-D55C-45C2-9586-913C290960BB}
		{E7265CF3-94D2-4DAA-B2B3-84DDA7B6813C} = {68EF8022-D55C-45C2-9586-913C290960BB}
		{F3CA59C7-7796-441C-A7AC-1DE67274FB3F} = {68EF8022-D55C-45C2-9586-913C290960BB}
		{74306C3B-D728-40A2-8CCE-62ED03B18F80} = {77F18D6B-4B9C-45C4-A8C8-EAAA5307A10B}
		{495B64E9-91D0-41F7-8CB7-88A939819771} = {77F18D6B-4B9C-45C4-A8C8-EAAA5307A10B}
	EndGlobalSection
	GlobalSection(ExtensibilityGlobals) = postSolution
		SolutionGuid = {91A28305-30DF-475A-AA9D-28B39BFBD064}
	EndGlobalSection
EndGlobal
